# device.qsf
# Copyright (C) 2024 BrnoLogic, Ltd.
# Author(s): David Beneš <benes@brnologic.com>
#
# SPDX-License-Identifier: BSD-3-Clause

# ==============================================================================
#  Global assignments
# ==============================================================================

set_global_assignment -name DEVICE AGIB027R29A1E2VB
set_global_assignment -name FAMILY Agilex
